github.com/gabriel-vasile/mimetype v1.4.10 h1:zyueNbySn/z8mJZHLt6IPw0KoZsiQNszIpU+bX4+ZK0=
github.com/gabriel-vasile/mimetype v1.4.10/go.mod h1:d+9Oxyo1wTzWdyVUPMmXFvp4F9tea18J8ufA774AB3s=
github.com/gofrs/uuid/v3 v3.1.2 h1:V3IBv1oU82x6YIr5txe3azVHgmOKYdyKQTowm9moBlY=
github.com/gofrs/uuid/v3 v3.1.2/go.mod h1:xPwMqoocQ1L5G6pXX5BcE7N5jlzn2o19oqAKxwZW/kI=
github.com/twodarek/go-epub v1.1.2 h1:jAhUPAzSIqWGG8ILzpKgZ0YS+FnD1owj/k65F8Dc6To=
github.com/twodarek/go-epub v1.1.2/go.mod h1:frfd+k1taA2nqcwEphDzOIFs3Bc8DlJcTwHppwNvyRY=
github.com/twodarek/go-htmlutil v0.0.0-20250322012720-9187c38f4573 h1:6hLLE5dBxwUDYzzqvfAMpFCTNzGHMYt+wv5RfLQbvxg=
github.com/twodarek/go-htmlutil v0.0.0-20250322012720-9187c38f4573/go.mod h1:8Clsu3L3VjdG0jjH37g5kreYX79nCHzJIFmvKUHoCeg=
github.com/vincent-petithory/dataurl v1.0.0 h1:cXw+kPto8NLuJtlMsI152irrVw9fRDX8AbShPRpg2CI=
github.com/vincent-petithory/dataurl v1.0.0/go.mod h1:FHafX5vmDzyP+1CQATJn7WFKc9CvnvxyvZy6I1MrG/U=
golang.org/x/net v0.44.0 h1:evd8IRDyfNBMBTTY5XRF1vaZlD+EmWx6x8PkhR04H/I=
golang.org/x/net v0.44.0/go.mod h1:ECOoLqd5U3Lhyeyo/QDCEVQ4sNgYsqvCZ722XogGieY=
